
Microsoft Visual Studio Solution File, Format Version 12.00
# Visual Studio Version 17
VisualStudioVersion = 17.12.35506.116 d17.12
MinimumVisualStudioVersion = 10.0.40219.1
Project("{FAE04EC0-301F-11D3-BF4B-00C04F79EFBC}") = "NBK", "NBK\NBK.csproj", "{2C0CEAAC-7313-485A-B87F-150ECD426D26}"
EndProject
Project("{FAE04EC0-301F-11D3-BF4B-00C04F79EFBC}") = "NBK.Infrastructure", "NBK.Infrastructure\NBK.Infrastructure.csproj", "{18333F2B-B221-4F56-91A1-C0B4B3E9A3F4}"
EndProject
Project("{FAE04EC0-301F-11D3-BF4B-00C04F79EFBC}") = "NBK.Domain", "NBK.Domain\NBK.Domain.csproj", "{CF8B0ABD-F3A2-453A-AB4E-D8B337EE39FC}"
EndProject
Project("{FAE04EC0-301F-11D3-BF4B-00C04F79EFBC}") = "NBK.Application", "NBK.Application\NBK.Application.csproj", "{755D9672-FC99-4FA0-BDC8-189E936AF813}"
EndProject
Global
	GlobalSection(SolutionConfigurationPlatforms) = preSolution
		Debug|Any CPU = Debug|Any CPU
		Release|Any CPU = Release|Any CPU
	EndGlobalSection
	GlobalSection(ProjectConfigurationPlatforms) = postSolution
		{2C0CEAAC-7313-485A-B87F-150ECD426D26}.Debug|Any CPU.ActiveCfg = Debug|Any CPU
		{2C0CEAAC-7313-485A-B87F-150ECD426D26}.Debug|Any CPU.Build.0 = Debug|Any CPU
		{2C0CEAAC-7313-485A-B87F-150ECD426D26}.Release|Any CPU.ActiveCfg = Release|Any CPU
		{2C0CEAAC-7313-485A-B87F-150ECD426D26}.Release|Any CPU.Build.0 = Release|Any CPU
		{18333F2B-B221-4F56-91A1-C0B4B3E9A3F4}.Debug|Any CPU.ActiveCfg = Debug|Any CPU
		{18333F2B-B221-4F56-91A1-C0B4B3E9A3F4}.Debug|Any CPU.Build.0 = Debug|Any CPU
		{18333F2B-B221-4F56-91A1-C0B4B3E9A3F4}.Release|Any CPU.ActiveCfg = Release|Any CPU
		{18333F2B-B221-4F56-91A1-C0B4B3E9A3F4}.Release|Any CPU.Build.0 = Release|Any CPU
		{CF8B0ABD-F3A2-453A-AB4E-D8B337EE39FC}.Debug|Any CPU.ActiveCfg = Debug|Any CPU
		{CF8B0ABD-F3A2-453A-AB4E-D8B337EE39FC}.Debug|Any CPU.Build.0 = Debug|Any CPU
		{CF8B0ABD-F3A2-453A-AB4E-D8B337EE39FC}.Release|Any CPU.ActiveCfg = Release|Any CPU
		{CF8B0ABD-F3A2-453A-AB4E-D8B337EE39FC}.Release|Any CPU.Build.0 = Release|Any CPU
		{755D9672-FC99-4FA0-BDC8-189E936AF813}.Debug|Any CPU.ActiveCfg = Debug|Any CPU
		{755D9672-FC99-4FA0-BDC8-189E936AF813}.Debug|Any CPU.Build.0 = Debug|Any CPU
		{755D9672-FC99-4FA0-BDC8-189E936AF813}.Release|Any CPU.ActiveCfg = Release|Any CPU
		{755D9672-FC99-4FA0-BDC8-189E936AF813}.Release|Any CPU.Build.0 = Release|Any CPU
	EndGlobalSection
	GlobalSection(SolutionProperties) = preSolution
		HideSolutionNode = FALSE
	EndGlobalSection
EndGlobal
